GIT
  remote: https://github.com/eventmachine/eventmachine.git
  revision: e7320417cf291cc6a69471a64ecae5ddb5367715
  specs:
    eventmachine (1.3.0.dev.1)

GIT
  remote: https://github.com/kematzy/sinatra-cache.git
  revision: 9996b52a6593cd8dd77cca06fb80e831ec8f6657
  specs:
    sinatra-cache (0.3.7)
      sinatra (>= 1.1.0)
      sinatra-outputbuffer (>= 0.1.0)

GEM
  remote: https://rubygems.org/
  specs:
    activemodel (7.0.10)
      activesupport (= 7.0.10)
    activerecord (7.0.10)
      activemodel (= 7.0.10)
      activesupport (= 7.0.10)
    activesupport (7.0.10)
      base64
      benchmark (>= 0.3)
      bigdecimal
      concurrent-ruby (~> 1.0, >= 1.0.2)
      drb
      i18n (>= 1.6, < 2)
      logger (>= 1.4.2)
      minitest (>= 5.1)
      mutex_m
      securerandom (>= 0.3)
      tzinfo (~> 2.0)
    base64 (0.3.0)
    benchmark (0.5.0)
    bigdecimal (4.1.1)
    builder (3.3.0)
    ci_reporter (2.1.0)
      builder (>= 2.1.2)
      rexml
    coderay (1.1.3)
    composite_primary_keys (14.0.10)
      activerecord (~> 7.0.2)
    concurrent-ruby (1.3.6)
    crass (1.0.6)
    csv (3.3.5)
    daemons (1.4.1)
    date (3.5.1)
    diff-lcs (1.6.2)
    docile (1.4.1)
    drb (2.2.3)
    erb (6.0.2)
    et-orbi (1.4.0)
      tzinfo
    fastercsv (1.5.5)
    fugit (1.12.1)
      et-orbi (~> 1.4)
      raabro (~> 1.4)
    haml (5.2.2)
      temple (>= 0.8.0)
      tilt
    i18n (1.14.8)
      concurrent-ruby (~> 1.0)
    io-console (0.8.2)
    irb (1.17.0)
      pp (>= 0.6.0)
      prism (>= 1.3.0)
      rdoc (>= 4.0.0)
      reline (>= 0.4.2)
    json (2.19.3)
    logger (1.7.0)
    method_source (1.1.0)
    minitest (6.0.3)
      drb (~> 2.0)
      prism (~> 1.5)
    mustermann (3.0.4)
      ruby2_keywords (~> 0.0.1)
    mutex_m (0.3.0)
    nokogiri (1.19.2-aarch64-linux-gnu)
      racc (~> 1.4)
    nokogiri (1.19.2-aarch64-linux-musl)
      racc (~> 1.4)
    nokogiri (1.19.2-arm-linux-gnu)
      racc (~> 1.4)
    nokogiri (1.19.2-arm-linux-musl)
      racc (~> 1.4)
    nokogiri (1.19.2-arm64-darwin)
      racc (~> 1.4)
    nokogiri (1.19.2-x86_64-darwin)
      racc (~> 1.4)
    nokogiri (1.19.2-x86_64-linux-gnu)
      racc (~> 1.4)
    nokogiri (1.19.2-x86_64-linux-musl)
      racc (~> 1.4)
    ostruct (0.6.3)
    pg (1.6.3)
    pg (1.6.3-aarch64-linux)
    pg (1.6.3-aarch64-linux-musl)
    pg (1.6.3-arm64-darwin)
    pg (1.6.3-x86_64-darwin)
    pg (1.6.3-x86_64-linux)
    pg (1.6.3-x86_64-linux-musl)
    pp (0.6.3)
      prettyprint
    prettyprint (0.2.0)
    prism (1.9.0)
    pry (0.16.0)
      coderay (~> 1.1)
      method_source (~> 1.0)
      reline (>= 0.6.0)
    psych (5.3.1)
      date
      stringio
    raabro (1.4.0)
    racc (1.8.1)
    rack (2.2.23)
    rack-protection (3.2.0)
      base64 (>= 0.1.0)
      rack (~> 2.2, >= 2.2.4)
    rack-test (2.2.0)
      rack (>= 1.3)
    rake (13.3.1)
    rdoc (7.2.0)
      erb
      psych (>= 4.0.0)
      tsort
    reline (0.6.3)
      io-console (~> 0.5)
    rexml (3.4.4)
    rspec (3.13.2)
      rspec-core (~> 3.13.0)
      rspec-expectations (~> 3.13.0)
      rspec-mocks (~> 3.13.0)
    rspec-core (3.13.6)
      rspec-support (~> 3.13.0)
    rspec-expectations (3.13.5)
      diff-lcs (>= 1.2.0, < 2.0)
      rspec-support (~> 3.13.0)
    rspec-mocks (3.13.8)
      diff-lcs (>= 1.2.0, < 2.0)
      rspec-support (~> 3.13.0)
    rspec-support (3.13.7)
    ruby2_keywords (0.0.5)
    rufus-scheduler (3.9.2)
      fugit (~> 1.1, >= 1.11.1)
    sanitize (7.0.0)
      crass (~> 1.0.2)
      nokogiri (>= 1.16.8)
    securerandom (0.4.1)
    simplecov (0.22.0)
      docile (~> 1.1)
      simplecov-html (~> 0.11)
      simplecov_json_formatter (~> 0.1)
    simplecov-html (0.13.2)
    simplecov_json_formatter (0.1.4)
    sinatra (3.2.0)
      mustermann (~> 3.0)
      rack (~> 2.2, >= 2.2.4)
      rack-protection (= 3.2.0)
      tilt (~> 2.0)
    sinatra-activerecord (2.0.28)
      activerecord (>= 4.1)
      sinatra (>= 1.0)
    sinatra-outputbuffer (0.1.0)
      sinatra (>= 1.0.a)
    stringio (3.2.0)
    sync (0.5.0)
    temple (0.10.4)
    thin (1.8.2)
      daemons (~> 1.0, >= 1.0.9)
      eventmachine (~> 1.0, >= 1.0.4)
      rack (>= 1, < 3)
    tilt (2.7.0)
    tsort (0.2.0)
    tzinfo (2.0.6)
      concurrent-ruby (~> 1.0)

PLATFORMS
  aarch64-linux
  aarch64-linux-gnu
  aarch64-linux-musl
  arm-linux-gnu
  arm-linux-musl
  arm64-darwin
  x86_64-darwin
  x86_64-linux-gnu
  x86_64-linux-musl

DEPENDENCIES
  activerecord
  ci_reporter
  composite_primary_keys (>= 14.0.0)
  csv
  eventmachine!
  fastercsv
  haml (< 6.0.0)
  irb
  json
  nokogiri
  ostruct
  pg
  pry
  rack
  rack-test
  rake
  rspec
  rufus-scheduler
  sanitize
  simplecov
  sinatra
  sinatra-activerecord
  sinatra-cache!
  sync
  thin (~> 1.8)

CHECKSUMS
  activemodel (7.0.10) sha256=e2e1e0a4664b69606363e9f6f59afadeab6fa8843c5fb73cd037bb72a40fa498
  activerecord (7.0.10) sha256=63bc193d4c6944d85f53255362b67269d246a51bd664e09b1aa2cecfe5288c9a
  activesupport (7.0.10) sha256=01487b0774045918b36893af4f012986db8375f6c5850c0ffc75b940ede72305
  base64 (0.3.0) sha256=27337aeabad6ffae05c265c450490628ef3ebd4b67be58257393227588f5a97b
  benchmark (0.5.0) sha256=465df122341aedcb81a2a24b4d3bd19b6c67c1530713fd533f3ff034e419236c
  bigdecimal (4.1.1) sha256=1c09efab961da45203c8316b0cdaec0ff391dfadb952dd459584b63ebf8054ca
  builder (3.3.0) sha256=497918d2f9dca528fdca4b88d84e4ef4387256d984b8154e9d5d3fe5a9c8835f
  ci_reporter (2.1.0) sha256=8ab6c378e3ea6af4f99790523ef52049405399156992fc5f51284b59b5728a61
  coderay (1.1.3) sha256=dc530018a4684512f8f38143cd2a096c9f02a1fc2459edcfe534787a7fc77d4b
  composite_primary_keys (14.0.10) sha256=ac1636c6bea2be9bfd70d4550c87feaeb36cc18a6532a748183cbbb7cf208907
  concurrent-ruby (1.3.6) sha256=6b56837e1e7e5292f9864f34b69c5a2cbc75c0cf5338f1ce9903d10fa762d5ab
  crass (1.0.6) sha256=dc516022a56e7b3b156099abc81b6d2b08ea1ed12676ac7a5657617f012bd45d
  csv (3.3.5) sha256=6e5134ac3383ef728b7f02725d9872934f523cb40b961479f69cf3afa6c8e73f
  daemons (1.4.1) sha256=8fc76d76faec669feb5e455d72f35bd4c46dc6735e28c420afb822fac1fa9a1d
  date (3.5.1) sha256=750d06384d7b9c15d562c76291407d89e368dda4d4fff957eb94962d325a0dc0
  diff-lcs (1.6.2) sha256=9ae0d2cba7d4df3075fe8cd8602a8604993efc0dfa934cff568969efb1909962
  docile (1.4.1) sha256=96159be799bfa73cdb721b840e9802126e4e03dfc26863db73647204c727f21e
  drb (2.2.3) sha256=0b00d6fdb50995fe4a45dea13663493c841112e4068656854646f418fda13373
  erb (6.0.2) sha256=9fe6264d44f79422c87490a1558479bd0e7dad4dd0e317656e67ea3077b5242b
  et-orbi (1.4.0) sha256=6c7e3c90779821f9e3b324c5e96fda9767f72995d6ae435b96678a4f3e2de8bc
  eventmachine (1.3.0.dev.1)
  fastercsv (1.5.5) sha256=d098199e62e4e10eec436a9ea9b8c189dacd5c06f2825f00d1e0f1c29fdbc3b5
  fugit (1.12.1) sha256=5898f478ede9b415f0804e42b8f3fd53f814bd85eebffceebdbc34e1107aaf68
  haml (5.2.2) sha256=6e759246556145642ef832d670fc06f9bd8539159a0e600847a00291dd7aae0c
  i18n (1.14.8) sha256=285778639134865c5e0f6269e0b818256017e8cde89993fdfcbfb64d088824a5
  io-console (0.8.2) sha256=d6e3ae7a7cc7574f4b8893b4fca2162e57a825b223a177b7afa236c5ef9814cc
  irb (1.17.0) sha256=168c4ddb93d8a361a045c41d92b2952c7a118fa73f23fe14e55609eb7a863aae
  json (2.19.3) sha256=289b0bb53052a1fa8c34ab33cc750b659ba14a5c45f3fcf4b18762dc67c78646
  logger (1.7.0) sha256=196edec7cc44b66cfb40f9755ce11b392f21f7967696af15d274dde7edff0203
  method_source (1.1.0) sha256=181301c9c45b731b4769bc81e8860e72f9161ad7d66dd99103c9ab84f560f5c5
  minitest (6.0.3) sha256=88ac8a1de36c00692420e7cb3cc11a0773bbcb126aee1c249f320160a7d11411
  mustermann (3.0.4) sha256=85fadcb6b3c6493a8b511b42426f904b7f27b282835502233dd154daab13aa22
  mutex_m (0.3.0) sha256=cfcb04ac16b69c4813777022fdceda24e9f798e48092a2b817eb4c0a782b0751
  nokogiri (1.19.2-aarch64-linux-gnu) sha256=c34d5c8208025587554608e98fd88ab125b29c80f9352b821964e9a5d5cfbd19
  nokogiri (1.19.2-aarch64-linux-musl) sha256=7f6b4b0202d507326841a4f790294bf75098aef50c7173443812e3ac5cb06515
  nokogiri (1.19.2-arm-linux-gnu) sha256=b7fa1139016f3dc850bda1260988f0d749934a939d04ef2da13bec060d7d5081
  nokogiri (1.19.2-arm-linux-musl) sha256=61114d44f6742ff72194a1b3020967201e2eb982814778d130f6471c11f9828c
  nokogiri (1.19.2-arm64-darwin) sha256=58d8ea2e31a967b843b70487a44c14c8ba1866daa1b9da9be9dbdf1b43dee205
  nokogiri (1.19.2-x86_64-darwin) sha256=7d9af11fda72dfaa2961d8c4d5380ca0b51bc389dc5f8d4b859b9644f195e7a4
  nokogiri (1.19.2-x86_64-linux-gnu) sha256=fa8feca882b73e871a9845f3817a72e9734c8e974bdc4fbad6e4bc6e8076b94f
  nokogiri (1.19.2-x86_64-linux-musl) sha256=93128448e61a9383a30baef041bf1f5817e22f297a1d400521e90294445069a8
  ostruct (0.6.3) sha256=95a2ed4a4bd1d190784e666b47b2d3f078e4a9efda2fccf18f84ddc6538ed912
  pg (1.6.3) sha256=1388d0563e13d2758c1089e35e973a3249e955c659592d10e5b77c468f628a99
  pg (1.6.3-aarch64-linux) sha256=0698ad563e02383c27510b76bf7d4cd2de19cd1d16a5013f375dd473e4be72ea
  pg (1.6.3-aarch64-linux-musl) sha256=06a75f4ea04b05140146f2a10550b8e0d9f006a79cdaf8b5b130cde40e3ecc2c
  pg (1.6.3-arm64-darwin) sha256=7240330b572e6355d7c75a7de535edb5dfcbd6295d9c7777df4d9dddfb8c0e5f
  pg (1.6.3-x86_64-darwin) sha256=ee2e04a17c0627225054ffeb43e31a95be9d7e93abda2737ea3ce4a62f2729d6
  pg (1.6.3-x86_64-linux) sha256=5d9e188c8f7a0295d162b7b88a768d8452a899977d44f3274d1946d67920ae8d
  pg (1.6.3-x86_64-linux-musl) sha256=9c9c90d98c72f78eb04c0f55e9618fe55d1512128e411035fe229ff427864009
  pp (0.6.3) sha256=2951d514450b93ccfeb1df7d021cae0da16e0a7f95ee1e2273719669d0ab9df6
  prettyprint (0.2.0) sha256=2bc9e15581a94742064a3cc8b0fb9d45aae3d03a1baa6ef80922627a0766f193
  prism (1.9.0) sha256=7b530c6a9f92c24300014919c9dcbc055bf4cdf51ec30aed099b06cd6674ef85
  pry (0.16.0) sha256=d76c69065698ed1f85e717bd33d7942c38a50868f6b0673c636192b3d1b6054e
  psych (5.3.1) sha256=eb7a57cef10c9d70173ff74e739d843ac3b2c019a003de48447b2963d81b1974
  raabro (1.4.0) sha256=d4fa9ff5172391edb92b242eed8be802d1934b1464061ae5e70d80962c5da882
  racc (1.8.1) sha256=4a7f6929691dbec8b5209a0b373bc2614882b55fc5d2e447a21aaa691303d62f
  rack (2.2.23) sha256=a8fe9d7e07064770b8ec123663fded8a59ef7e2b6db5cda7173d45a5718ab69c
  rack-protection (3.2.0) sha256=3c74ba7fc59066453d61af9bcba5b6fe7a9b3dab6f445418d3b391d5ea8efbff
  rack-test (2.2.0) sha256=005a36692c306ac0b4a9350355ee080fd09ddef1148a5f8b2ac636c720f5c463
  rake (13.3.1) sha256=8c9e89d09f66a26a01264e7e3480ec0607f0c497a861ef16063604b1b08eb19c
  rdoc (7.2.0) sha256=8650f76cd4009c3b54955eb5d7e3a075c60a57276766ebf36f9085e8c9f23192
  reline (0.6.3) sha256=1198b04973565b36ec0f11542ab3f5cfeeec34823f4e54cebde90968092b1835
  rexml (3.4.4) sha256=19e0a2c3425dfbf2d4fc1189747bdb2f849b6c5e74180401b15734bc97b5d142
  rspec (3.13.2) sha256=206284a08ad798e61f86d7ca3e376718d52c0bc944626b2349266f239f820587
  rspec-core (3.13.6) sha256=a8823c6411667b60a8bca135364351dda34cd55e44ff94c4be4633b37d828b2d
  rspec-expectations (3.13.5) sha256=33a4d3a1d95060aea4c94e9f237030a8f9eae5615e9bd85718fe3a09e4b58836
  rspec-mocks (3.13.8) sha256=086ad3d3d17533f4237643de0b5c42f04b66348c28bf6b9c2d3f4a3b01af1d47
  rspec-support (3.13.7) sha256=0640e5570872aafefd79867901deeeeb40b0c9875a36b983d85f54fb7381c47c
  ruby2_keywords (0.0.5) sha256=ffd13740c573b7301cf7a2e61fc857b2a8e3d3aff32545d6f8300d8bae10e3ef
  rufus-scheduler (3.9.2) sha256=55fa9e4db0ff69d7f38c804f17baba0c9bce5cba39984ae3c5cf6c039d1323b9
  sanitize (7.0.0) sha256=269d1b9d7326e69307723af5643ec032ff86ad616e72a3b36d301ac75a273984
  securerandom (0.4.1) sha256=cc5193d414a4341b6e225f0cb4446aceca8e50d5e1888743fac16987638ea0b1
  simplecov (0.22.0) sha256=fe2622c7834ff23b98066bb0a854284b2729a569ac659f82621fc22ef36213a5
  simplecov-html (0.13.2) sha256=bd0b8e54e7c2d7685927e8d6286466359b6f16b18cb0df47b508e8d73c777246
  simplecov_json_formatter (0.1.4) sha256=529418fbe8de1713ac2b2d612aa3daa56d316975d307244399fa4838c601b428
  sinatra (3.2.0) sha256=6e727f4d034e87067d9aab37f328021d7c16722ffd293ef07b6e968915109807
  sinatra-activerecord (2.0.28) sha256=99f352c2dfa244d02b4f877efbe00135360b758390b8bb7bc2d4d91171c93811
  sinatra-cache (0.3.7)
  sinatra-outputbuffer (0.1.0) sha256=01f7aca86368b108a12dda5c0eb391c246fb25e84b9a6859e7002a849f9dca7b
  stringio (3.2.0) sha256=c37cb2e58b4ffbd33fe5cd948c05934af997b36e0b6ca6fdf43afa234cf222e1
  sync (0.5.0) sha256=668356cc07c59ac7ed9ecf34fec3929831f179c07adb1f3e1c3b7a1609a638fd
  temple (0.10.4) sha256=b7a1e94b6f09038ab0b6e4fe0126996055da2c38bec53a8a336f075748fff72c
  thin (1.8.2) sha256=1c55251aba5bee7cf6936ea18b048f4d3c74ef810aa5e6906cf6edff0df6e121
  tilt (2.7.0) sha256=0d5b9ba69f6a36490c64b0eee9f6e9aad517e20dcc848800a06eb116f08c6ab3
  tsort (0.2.0) sha256=9650a793f6859a43b6641671278f79cfead60ac714148aabe4e3f0060480089f
  tzinfo (2.0.6) sha256=8daf828cc77bcf7d63b0e3bdb6caa47e2272dcfaf4fbfe46f8c3a9df087a829b

BUNDLED WITH
  4.0.6
